
Microsoft Visual Studio Solution File, Format Version 12.00
# Visual Studio Version 17
VisualStudioVersion = 17.0.32112.339
MinimumVisualStudioVersion = 10.0.40219.1
Project("{9A19103F-16F7-4668-BE54-9A1E7A4F7556}") = "LightningGL", "Lightning2\LightningGL.csproj", "{E13A0D7B-30AF-4C29-A702-0CF0766E032F}"
EndProject
Project("{9A19103F-16F7-4668-BE54-9A1E7A4F7556}") = "LightningBase", "NuCore.SDL2-CS\LightningBase.csproj", "{81E34261-83B6-4A95-8690-BF518CE12DF8}"
EndProject
Project("{9A19103F-16F7-4668-BE54-9A1E7A4F7556}") = "NuCore.Utilities", "NuCore.Utilities\NuCore.Utilities.csproj", "{2DA5C8F3-4F36-4C05-B2D7-09CEF107210C}"
EndProject
Project("{9A19103F-16F7-4668-BE54-9A1E7A4F7556}") = "LightningGL.Test", "Lightning2.Launcher\LightningGL.Test.csproj", "{BBB9BEBA-D492-454A-A542-072C5F49A041}"
EndProject
Project("{9A19103F-16F7-4668-BE54-9A1E7A4F7556}") = "LightningPackager", "LightningPackager\LightningPackager.csproj", "{5D91D615-A3BF-4689-920D-92DD47522FDA}"
EndProject
Project("{9A19103F-16F7-4668-BE54-9A1E7A4F7556}") = "MakePackage", "MakePackage\MakePackage.csproj", "{48A97737-89DF-42AB-9E82-47DA146A3154}"
EndProject
Project("{9A19103F-16F7-4668-BE54-9A1E7A4F7556}") = "SDKBuild", "SDKBuild\SDKBuild.csproj", "{A64DCE3C-B2FE-403B-A4AC-36E44F8FC7E6}"
EndProject
Project("{9A19103F-16F7-4668-BE54-9A1E7A4F7556}") = "AnimTool", "AnimTool\AnimTool.csproj", "{2FAA487F-382F-4E20-98CD-C6BFF9D15123}"
EndProject
Project("{9A19103F-16F7-4668-BE54-9A1E7A4F7556}") = "NuCore.Utilities.Lightning", "NuCore.Utilities.Lightning\NuCore.Utilities.Lightning.csproj", "{DBC2F6F3-1B14-432C-BB0B-47934E431AFB}"
EndProject
Global
	GlobalSection(SolutionConfigurationPlatforms) = preSolution
		Debug|Any CPU = Debug|Any CPU
		Debug|x86 = Debug|x86
		Release|Any CPU = Release|Any CPU
		Release|x86 = Release|x86
	EndGlobalSection
	GlobalSection(ProjectConfigurationPlatforms) = postSolution
		{E13A0D7B-30AF-4C29-A702-0CF0766E032F}.Debug|Any CPU.ActiveCfg = Debug|Any CPU
		{E13A0D7B-30AF-4C29-A702-0CF0766E032F}.Debug|Any CPU.Build.0 = Debug|Any CPU
		{E13A0D7B-30AF-4C29-A702-0CF0766E032F}.Debug|x86.ActiveCfg = Debug|Any CPU
		{E13A0D7B-30AF-4C29-A702-0CF0766E032F}.Debug|x86.Build.0 = Debug|Any CPU
		{E13A0D7B-30AF-4C29-A702-0CF0766E032F}.Release|Any CPU.ActiveCfg = Release|Any CPU
		{E13A0D7B-30AF-4C29-A702-0CF0766E032F}.Release|Any CPU.Build.0 = Release|Any CPU
		{E13A0D7B-30AF-4C29-A702-0CF0766E032F}.Release|x86.ActiveCfg = Release|Any CPU
		{E13A0D7B-30AF-4C29-A702-0CF0766E032F}.Release|x86.Build.0 = Release|Any CPU
		{81E34261-83B6-4A95-8690-BF518CE12DF8}.Debug|Any CPU.ActiveCfg = Debug|Any CPU
		{81E34261-83B6-4A95-8690-BF518CE12DF8}.Debug|Any CPU.Build.0 = Debug|Any CPU
		{81E34261-83B6-4A95-8690-BF518CE12DF8}.Debug|x86.ActiveCfg = Debug|Any CPU
		{81E34261-83B6-4A95-8690-BF518CE12DF8}.Debug|x86.Build.0 = Debug|Any CPU
		{81E34261-83B6-4A95-8690-BF518CE12DF8}.Release|Any CPU.ActiveCfg = Release|Any CPU
		{81E34261-83B6-4A95-8690-BF518CE12DF8}.Release|Any CPU.Build.0 = Release|Any CPU
		{81E34261-83B6-4A95-8690-BF518CE12DF8}.Release|x86.ActiveCfg = Release|Any CPU
		{81E34261-83B6-4A95-8690-BF518CE12DF8}.Release|x86.Build.0 = Release|Any CPU
		{2DA5C8F3-4F36-4C05-B2D7-09CEF107210C}.Debug|Any CPU.ActiveCfg = Debug|Any CPU
		{2DA5C8F3-4F36-4C05-B2D7-09CEF107210C}.Debug|Any CPU.Build.0 = Debug|Any CPU
		{2DA5C8F3-4F36-4C05-B2D7-09CEF107210C}.Debug|x86.ActiveCfg = Debug|Any CPU
		{2DA5C8F3-4F36-4C05-B2D7-09CEF107210C}.Debug|x86.Build.0 = Debug|Any CPU
		{2DA5C8F3-4F36-4C05-B2D7-09CEF107210C}.Release|Any CPU.ActiveCfg = Release|Any CPU
		{2DA5C8F3-4F36-4C05-B2D7-09CEF107210C}.Release|Any CPU.Build.0 = Release|Any CPU
		{2DA5C8F3-4F36-4C05-B2D7-09CEF107210C}.Release|x86.ActiveCfg = Release|Any CPU
		{2DA5C8F3-4F36-4C05-B2D7-09CEF107210C}.Release|x86.Build.0 = Release|Any CPU
		{BBB9BEBA-D492-454A-A542-072C5F49A041}.Debug|Any CPU.ActiveCfg = Debug|Any CPU
		{BBB9BEBA-D492-454A-A542-072C5F49A041}.Debug|Any CPU.Build.0 = Debug|Any CPU
		{BBB9BEBA-D492-454A-A542-072C5F49A041}.Debug|x86.ActiveCfg = Debug|Any CPU
		{BBB9BEBA-D492-454A-A542-072C5F49A041}.Debug|x86.Build.0 = Debug|Any CPU
		{BBB9BEBA-D492-454A-A542-072C5F49A041}.Release|Any CPU.ActiveCfg = Release|Any CPU
		{BBB9BEBA-D492-454A-A542-072C5F49A041}.Release|Any CPU.Build.0 = Release|Any CPU
		{BBB9BEBA-D492-454A-A542-072C5F49A041}.Release|x86.ActiveCfg = Release|Any CPU
		{BBB9BEBA-D492-454A-A542-072C5F49A041}.Release|x86.Build.0 = Release|Any CPU
		{5D91D615-A3BF-4689-920D-92DD47522FDA}.Debug|Any CPU.ActiveCfg = Debug|Any CPU
		{5D91D615-A3BF-4689-920D-92DD47522FDA}.Debug|Any CPU.Build.0 = Debug|Any CPU
		{5D91D615-A3BF-4689-920D-92DD47522FDA}.Debug|x86.ActiveCfg = Debug|Any CPU
		{5D91D615-A3BF-4689-920D-92DD47522FDA}.Debug|x86.Build.0 = Debug|Any CPU
		{5D91D615-A3BF-4689-920D-92DD47522FDA}.Release|Any CPU.ActiveCfg = Release|Any CPU
		{5D91D615-A3BF-4689-920D-92DD47522FDA}.Release|Any CPU.Build.0 = Release|Any CPU
		{5D91D615-A3BF-4689-920D-92DD47522FDA}.Release|x86.ActiveCfg = Release|Any CPU
		{5D91D615-A3BF-4689-920D-92DD47522FDA}.Release|x86.Build.0 = Release|Any CPU
		{48A97737-89DF-42AB-9E82-47DA146A3154}.Debug|Any CPU.ActiveCfg = Debug|Any CPU
		{48A97737-89DF-42AB-9E82-47DA146A3154}.Debug|Any CPU.Build.0 = Debug|Any CPU
		{48A97737-89DF-42AB-9E82-47DA146A3154}.Debug|x86.ActiveCfg = Debug|Any CPU
		{48A97737-89DF-42AB-9E82-47DA146A3154}.Debug|x86.Build.0 = Debug|Any CPU
		{48A97737-89DF-42AB-9E82-47DA146A3154}.Release|Any CPU.ActiveCfg = Release|Any CPU
		{48A97737-89DF-42AB-9E82-47DA146A3154}.Release|Any CPU.Build.0 = Release|Any CPU
		{48A97737-89DF-42AB-9E82-47DA146A3154}.Release|x86.ActiveCfg = Release|Any CPU
		{48A97737-89DF-42AB-9E82-47DA146A3154}.Release|x86.Build.0 = Release|Any CPU
		{A64DCE3C-B2FE-403B-A4AC-36E44F8FC7E6}.Debug|Any CPU.ActiveCfg = Debug|Any CPU
		{A64DCE3C-B2FE-403B-A4AC-36E44F8FC7E6}.Debug|Any CPU.Build.0 = Debug|Any CPU
		{A64DCE3C-B2FE-403B-A4AC-36E44F8FC7E6}.Debug|x86.ActiveCfg = Debug|Any CPU
		{A64DCE3C-B2FE-403B-A4AC-36E44F8FC7E6}.Debug|x86.Build.0 = Debug|Any CPU
		{A64DCE3C-B2FE-403B-A4AC-36E44F8FC7E6}.Release|Any CPU.ActiveCfg = Release|Any CPU
		{A64DCE3C-B2FE-403B-A4AC-36E44F8FC7E6}.Release|Any CPU.Build.0 = Release|Any CPU
		{A64DCE3C-B2FE-403B-A4AC-36E44F8FC7E6}.Release|x86.ActiveCfg = Release|Any CPU
		{A64DCE3C-B2FE-403B-A4AC-36E44F8FC7E6}.Release|x86.Build.0 = Release|Any CPU
		{2FAA487F-382F-4E20-98CD-C6BFF9D15123}.Debug|Any CPU.ActiveCfg = Debug|Any CPU
		{2FAA487F-382F-4E20-98CD-C6BFF9D15123}.Debug|Any CPU.Build.0 = Debug|Any CPU
		{2FAA487F-382F-4E20-98CD-C6BFF9D15123}.Debug|x86.ActiveCfg = Debug|Any CPU
		{2FAA487F-382F-4E20-98CD-C6BFF9D15123}.Debug|x86.Build.0 = Debug|Any CPU
		{2FAA487F-382F-4E20-98CD-C6BFF9D15123}.Release|Any CPU.ActiveCfg = Release|Any CPU
		{2FAA487F-382F-4E20-98CD-C6BFF9D15123}.Release|Any CPU.Build.0 = Release|Any CPU
		{2FAA487F-382F-4E20-98CD-C6BFF9D15123}.Release|x86.ActiveCfg = Release|Any CPU
		{2FAA487F-382F-4E20-98CD-C6BFF9D15123}.Release|x86.Build.0 = Release|Any CPU
		{DBC2F6F3-1B14-432C-BB0B-47934E431AFB}.Debug|Any CPU.ActiveCfg = Debug|Any CPU
		{DBC2F6F3-1B14-432C-BB0B-47934E431AFB}.Debug|Any CPU.Build.0 = Debug|Any CPU
		{DBC2F6F3-1B14-432C-BB0B-47934E431AFB}.Debug|x86.ActiveCfg = Debug|Any CPU
		{DBC2F6F3-1B14-432C-BB0B-47934E431AFB}.Debug|x86.Build.0 = Debug|Any CPU
		{DBC2F6F3-1B14-432C-BB0B-47934E431AFB}.Release|Any CPU.ActiveCfg = Release|Any CPU
		{DBC2F6F3-1B14-432C-BB0B-47934E431AFB}.Release|Any CPU.Build.0 = Release|Any CPU
		{DBC2F6F3-1B14-432C-BB0B-47934E431AFB}.Release|x86.ActiveCfg = Release|Any CPU
		{DBC2F6F3-1B14-432C-BB0B-47934E431AFB}.Release|x86.Build.0 = Release|Any CPU
	EndGlobalSection
	GlobalSection(SolutionProperties) = preSolution
		HideSolutionNode = FALSE
	EndGlobalSection
	GlobalSection(ExtensibilityGlobals) = postSolution
		SolutionGuid = {E3783DA3-1EB6-447F-B6EE-559D0D2C53C6}
	EndGlobalSection
EndGlobal
